{
  "name": "fmod-generate-type",
  "version": "0.1.0",
  "lockfileVersion": 3,
  "requires": true,
  "dev": true,
  "packages": {
    "": {
      "name": "fmod-generate-type",
      "version": "0.1.0",
      "dev": true,
      "devDependencies": {
        "fmod-generate-type": "file:"
      }
    },
    "node_modules/fmod-generate-type": {
      "resolved": "",
      "link": true
    }
  }
}
